{
  "version": 1,
  "dependencies": {
    "net10.0": {
      "Microsoft.NET.ILLink.Tasks": {
        "type": "Direct",
        "requested": "[10.0.11, )",
        "resolved": "10.0.11",
        "contentHash": "IBf7lbovvjGWVWXZX5cJ/cO0WXbId0Zq4BuSeT94mGZuOAP66oMeH9PTBZ9Jpp3Jb6jtK0qm/NyUbPRo1gC/wQ=="
      },
      "System.CommandLine": {
        "type": "Direct",
        "requested": "[2.0.9, )",
        "resolved": "2.0.9",
        "contentHash": "SW0WhEk4NFVZ4lOnsLrHQOV/7s0eTidezNybHQWXfqhuXWB17X3RXbrifeWBbUx1iu+NcYchVSufmW7svjUEnA=="
      },
      "System.IO.Abstractions": {
        "type": "Direct",
        "requested": "[22.2.0, )",
        "resolved": "22.2.0",
        "contentHash": "fwnNXyIPb7ABPLae6K9YZz0FAkRjb2s/nElRWrg73usMveY/qdOHjKaNvAF7iAfmzTl1W4wa7S/SnmIc4LDvTg==",
        "dependencies": {
          "TestableIO.System.IO.Abstractions": "22.2.0",
          "TestableIO.System.IO.Abstractions.Wrappers": "22.2.0"
        }
      },
      "TestableIO.System.IO.Abstractions": {
        "type": "Transitive",
        "resolved": "22.2.0",
        "contentHash": "BQPyr0A1s2HvpVTZIyolrZ3ZdPn8DU2tqciaK1oco3pjm76fiKIk75eup4R9reZjNS75M+WJIICOlNX5OFt50g==",
        "dependencies": {
          "Testably.Abstractions.FileSystem.Interface": "10.3.0"
        }
      },
      "TestableIO.System.IO.Abstractions.Wrappers": {
        "type": "Transitive",
        "resolved": "22.2.0",
        "contentHash": "0GW9i46ozm687WGAWsBHWMhLR7l1HmKwhiSU2hQrbFnI5m2YRfqXwqTQNjnOwT8BdbvcGqwMr97/zlnPWa1u1Q==",
        "dependencies": {
          "Testably.Abstractions.FileSystem.Interface": "10.3.0"
        }
      },
      "Testably.Abstractions.FileSystem.Interface": {
        "type": "Transitive",
        "resolved": "10.3.0",
        "contentHash": "5ebMaoADkzjfW7GnZYKaUebV8XmUn++C/4sKk1PTzCiddEgbSKBq3pW4EWEi70rYJAK0gA1yDWrYFeHq18FvHQ=="
      }
    },
    "net10.0/linux-arm": {},
    "net10.0/linux-x64": {},
    "net10.0/osx-arm64": {},
    "net10.0/win-x64": {}
  }
}