{
  "version": 1,
  "dependencies": {
    "net10.0": {
      "Microsoft.NET.ILLink.Tasks": {
        "type": "Direct",
        "requested": "[10.0.12, )",
        "resolved": "10.0.12",
        "contentHash": "xi+BDjFpW+Sb+MHFHaH6Y/gV9I8BluFwRXc1QyCdoZbIK26eNiBeFuMTe/FMwc33G1wdHCyDg7CVTmb8OdQrMQ=="
      },
      "System.CommandLine": {
        "type": "Direct",
        "requested": "[2.0.9, )",
        "resolved": "2.0.9",
        "contentHash": "SW0WhEk4NFVZ4lOnsLrHQOV/7s0eTidezNybHQWXfqhuXWB17X3RXbrifeWBbUx1iu+NcYchVSufmW7svjUEnA=="
      },
      "System.IO.Abstractions": {
        "type": "Direct",
        "requested": "[22.3.0, )",
        "resolved": "22.3.0",
        "contentHash": "dHMHwd6rl1CFJvdD9jnahy3ZjU67huvUCNhitH+7mzg8ZfLocc5ZQyKmUQMUJiQdElARWJBw0XQQzP6BCKsglA==",
        "dependencies": {
          "TestableIO.System.IO.Abstractions": "22.3.0",
          "TestableIO.System.IO.Abstractions.Wrappers": "22.3.0"
        }
      },
      "TestableIO.System.IO.Abstractions": {
        "type": "Transitive",
        "resolved": "22.3.0",
        "contentHash": "2dqQ5AEE61NkQ/0F31mhOXYhgzZOtC+RUuJajwYa7gPgZBqJVe9Mc/hnqXEbBSDOxGZ7hYsmULjzK3yqewB3FA==",
        "dependencies": {
          "Testably.Abstractions.FileSystem.Interface": "10.4.0"
        }
      },
      "TestableIO.System.IO.Abstractions.Wrappers": {
        "type": "Transitive",
        "resolved": "22.3.0",
        "contentHash": "9TsOEcwIGJXHjkZ/lIpg6KnoRjxpZZ/LpMvNddcXEvmcxWKZdbhSy2UWMpy3oN8klbQ3dcpxbp9AddQk0zE+Kg==",
        "dependencies": {
          "Testably.Abstractions.FileSystem.Interface": "10.4.0"
        }
      },
      "Testably.Abstractions.FileSystem.Interface": {
        "type": "Transitive",
        "resolved": "10.4.0",
        "contentHash": "7G5NzIjs7544Dit0uuvYOOAzD8E4alQS2ENPGT3HV1Ks/1r55O7X4d9g6L273n70IDkgqNdBCmrkWxJLn0xCZA=="
      }
    },
    "net10.0/linux-arm": {},
    "net10.0/linux-x64": {},
    "net10.0/osx-arm64": {},
    "net10.0/win-x64": {}
  }
}